
Microsoft Visual Studio Solution File, Format Version 12.00
# Visual Studio Version 17
VisualStudioVersion = 17.7.34018.315
MinimumVisualStudioVersion = 10.0.40219.1
Project("{FAE04EC0-301F-11D3-BF4B-00C04F79EFBC}") = "Ứng dụng Xin Chào", "Ứng dụng Xin Chào\Ứng dụng Xin Chào.csproj", "{ACB927C2-1C48-4C4E-9E76-B360A81E820D}"
EndProject
Project("{54435603-DBB4-11D2-8724-00A0C9A8B90C}") = "Setup Sever", "Setup Sever\Setup Sever.vdproj", "{6FFF284F-5D46-4B3F-9782-94B2AE0D3AD9}"
EndProject
Global
	GlobalSection(SolutionConfigurationPlatforms) = preSolution
		Debug|Any CPU = Debug|Any CPU
		Release|Any CPU = Release|Any CPU
	EndGlobalSection
	GlobalSection(ProjectConfigurationPlatforms) = postSolution
		{ACB927C2-1C48-4C4E-9E76-B360A81E820D}.Debug|Any CPU.ActiveCfg = Debug|Any CPU
		{ACB927C2-1C48-4C4E-9E76-B360A81E820D}.Debug|Any CPU.Build.0 = Debug|Any CPU
		{ACB927C2-1C48-4C4E-9E76-B360A81E820D}.Release|Any CPU.ActiveCfg = Release|Any CPU
		{ACB927C2-1C48-4C4E-9E76-B360A81E820D}.Release|Any CPU.Build.0 = Release|Any CPU
		{6FFF284F-5D46-4B3F-9782-94B2AE0D3AD9}.Debug|Any CPU.ActiveCfg = Debug
		{6FFF284F-5D46-4B3F-9782-94B2AE0D3AD9}.Release|Any CPU.ActiveCfg = Release
	EndGlobalSection
	GlobalSection(SolutionProperties) = preSolution
		HideSolutionNode = FALSE
	EndGlobalSection
	GlobalSection(ExtensibilityGlobals) = postSolution
		SolutionGuid = {70E9DEDF-1EC0-478D-AB9C-2C00E8583421}
	EndGlobalSection
EndGlobal
